
Microsoft Visual Studio Solution File, Format Version 12.00
# Visual Studio Version 17
VisualStudioVersion = 17.1.32210.238
MinimumVisualStudioVersion = 10.0.40219.1
Project("{FAE04EC0-301F-11D3-BF4B-00C04F79EFBC}") = "LogicalProgram", "LogicalProgram.csproj", "{681A6441-AFF8-4652-978D-2F4CB0109011}"
EndProject
Global
	GlobalSection(SolutionConfigurationPlatforms) = preSolution
		Debug|Any CPU = Debug|Any CPU
		Release|Any CPU = Release|Any CPU
	EndGlobalSection
	GlobalSection(ProjectConfigurationPlatforms) = postSolution
		{681A6441-AFF8-4652-978D-2F4CB0109011}.Debug|Any CPU.ActiveCfg = Debug|Any CPU
		{681A6441-AFF8-4652-978D-2F4CB0109011}.Debug|Any CPU.Build.0 = Debug|Any CPU
		{681A6441-AFF8-4652-978D-2F4CB0109011}.Release|Any CPU.ActiveCfg = Release|Any CPU
		{681A6441-AFF8-4652-978D-2F4CB0109011}.Release|Any CPU.Build.0 = Release|Any CPU
	EndGlobalSection
	GlobalSection(SolutionProperties) = preSolution
		HideSolutionNode = FALSE
	EndGlobalSection
	GlobalSection(ExtensibilityGlobals) = postSolution
		SolutionGuid = {351BED8F-305A-4BD4-87E8-FB721475FBE3}
	EndGlobalSection
EndGlobal
